
Microsoft Visual Studio Solution File, Format Version 12.00
# Visual Studio Version 17
VisualStudioVersion = 17.2.32526.322
MinimumVisualStudioVersion = 10.0.40219.1
Project("{9A19103F-16F7-4668-BE54-9A1E7A4F7556}") = "Turtel-App", "Turtel-App.csproj", "{BDC5CB50-DDC2-49A4-904F-7AF301B626F3}"
EndProject
Project("{FAE04EC0-301F-11D3-BF4B-00C04F79EFBC}") = "Turtel-Test", "..\Turtel-Test\Turtel-Test.csproj", "{1F542DBB-79E7-452F-8451-C6A3F7B7F622}"
EndProject
Global
	GlobalSection(SolutionConfigurationPlatforms) = preSolution
		Debug|Any CPU = Debug|Any CPU
		Release|Any CPU = Release|Any CPU
	EndGlobalSection
	GlobalSection(ProjectConfigurationPlatforms) = postSolution
		{BDC5CB50-DDC2-49A4-904F-7AF301B626F3}.Debug|Any CPU.ActiveCfg = Debug|Any CPU
		{BDC5CB50-DDC2-49A4-904F-7AF301B626F3}.Debug|Any CPU.Build.0 = Debug|Any CPU
		{BDC5CB50-DDC2-49A4-904F-7AF301B626F3}.Release|Any CPU.ActiveCfg = Release|Any CPU
		{BDC5CB50-DDC2-49A4-904F-7AF301B626F3}.Release|Any CPU.Build.0 = Release|Any CPU
		{1F542DBB-79E7-452F-8451-C6A3F7B7F622}.Debug|Any CPU.ActiveCfg = Debug|Any CPU
		{1F542DBB-79E7-452F-8451-C6A3F7B7F622}.Debug|Any CPU.Build.0 = Debug|Any CPU
		{1F542DBB-79E7-452F-8451-C6A3F7B7F622}.Release|Any CPU.ActiveCfg = Release|Any CPU
		{1F542DBB-79E7-452F-8451-C6A3F7B7F622}.Release|Any CPU.Build.0 = Release|Any CPU
	EndGlobalSection
	GlobalSection(SolutionProperties) = preSolution
		HideSolutionNode = FALSE
	EndGlobalSection
	GlobalSection(ExtensibilityGlobals) = postSolution
		SolutionGuid = {C91048FF-4AA4-4DA7-9A4C-3F0DF2077EEF}
	EndGlobalSection
EndGlobal
